
Microsoft Visual Studio Solution File, Format Version 12.00
# Visual Studio Version 16
VisualStudioVersion = 16.0.29021.104
MinimumVisualStudioVersion = 10.0.40219.1
Project("{2150E333-8FDC-42A3-9474-1A3956D46DE8}") = "Solution Items", "Solution Items", "{442FA162-7A6B-4EC2-9D91-2801BCBFA037}"
	ProjectSection(SolutionItems) = preProject
		.editorconfig = .editorconfig
		.gitignore = .gitignore
		CODE_OF_CONDUCT.md = CODE_OF_CONDUCT.md
		LICENSE = LICENSE
		README.md = README.md
	EndProjectSection
EndProject
Project("{2150E333-8FDC-42A3-9474-1A3956D46DE8}") = "Tests", "Tests", "{739DF0CF-2588-4C19-91D5-03370005D20E}"
EndProject
Project("{9A19103F-16F7-4668-BE54-9A1E7A4F7556}") = "Olbrasoft.AskMe.Data.Unit.Tests", "Test\Olbrasoft.AskMe.Data.Unit.Tests\Olbrasoft.AskMe.Data.Unit.Tests.csproj", "{A66441A1-9D68-4085-9392-BF1EF155DA0F}"
EndProject
Project("{9A19103F-16F7-4668-BE54-9A1E7A4F7556}") = "Olbrasoft.AskMe.Data.EntityFrameworkCore.Unit.Tests", "test\Olbrasoft.AskMe.Data.EntityFrameworkCore.Unit.Tests\Olbrasoft.AskMe.Data.EntityFrameworkCore.Unit.Tests.csproj", "{7DEBBEE5-6989-4E87-B6C5-6AE8CAF422AA}"
EndProject
Project("{9A19103F-16F7-4668-BE54-9A1E7A4F7556}") = "Olbrasoft.AskMe.Data.EntityFrameworkCore", "src\Olbrasoft.AskMe.Data.EntityFrameworkCore\Olbrasoft.AskMe.Data.EntityFrameworkCore.csproj", "{7517A6A8-884D-4955-88AA-1861EF6B6949}"
EndProject
Project("{9A19103F-16F7-4668-BE54-9A1E7A4F7556}") = "Altairis.AskMe.Data", "src\Altairis.AskMe.Data\Altairis.AskMe.Data.csproj", "{27EBA4B7-4A09-483B-95F3-49BD92996C5C}"
EndProject
Project("{9A19103F-16F7-4668-BE54-9A1E7A4F7556}") = "Altairis.AskMe.Web.Mvc", "src\Altairis.AskMe.Web.Mvc\Altairis.AskMe.Web.Mvc.csproj", "{24B0C881-01E5-49EC-8201-CC9A64ECEE8B}"
EndProject
Project("{9A19103F-16F7-4668-BE54-9A1E7A4F7556}") = "Olbrasoft.AskMe.Business.Tests", "test\Olbrasoft.AskMe.Business.Tests\Olbrasoft.AskMe.Business.Tests.csproj", "{4C13F8D8-D003-4F39-9629-55949254850F}"
EndProject
Project("{9A19103F-16F7-4668-BE54-9A1E7A4F7556}") = "Olbrasoft.AskMe.Business", "src\Olbrasoft.AskMe.Business\Olbrasoft.AskMe.Business.csproj", "{424CD149-85A8-4A7B-818B-92593D17C372}"
EndProject
Project("{9A19103F-16F7-4668-BE54-9A1E7A4F7556}") = "Olbrasoft.AskMe.Web.Mvc.Tests", "test\Olbrasoft.AskMe.Web.Mvc.Tests\Olbrasoft.AskMe.Web.Mvc.Tests.csproj", "{1F0F04CF-0857-46F3-984B-81C8AEB5B91B}"
EndProject
Project("{9A19103F-16F7-4668-BE54-9A1E7A4F7556}") = "Altairis.AskMe.Web.DotVVM", "src\Altairis.AskMe.Web.DotVVM\Altairis.AskMe.Web.DotVVM.csproj", "{28B2BE2E-B40D-4FAF-A52B-C4EA85580DC1}"
EndProject
Project("{9A19103F-16F7-4668-BE54-9A1E7A4F7556}") = "Olbrasoft.Commanding.Tests", "test\Olbrasoft.Commanding.Tests\Olbrasoft.Commanding.Tests.csproj", "{1BB2AB07-1DB1-4937-AB6D-88A869F8F837}"
EndProject
Project("{9A19103F-16F7-4668-BE54-9A1E7A4F7556}") = "Olbrasoft.Commanding", "src\Olbrasoft.Commanding\Olbrasoft.Commanding.csproj", "{3D541BB5-498E-4812-8563-E93A9E20DC92}"
EndProject
Project("{9A19103F-16F7-4668-BE54-9A1E7A4F7556}") = "Olbrasoft.Querying.Tests", "test\Olbrasoft.Querying.Tests\Olbrasoft.Querying.Tests.csproj", "{F8FB9CA4-E862-4766-9C19-78FFEE0A0911}"
EndProject
Project("{9A19103F-16F7-4668-BE54-9A1E7A4F7556}") = "Olbrasoft.Querying", "src\Olbrasoft.Querying\Olbrasoft.Querying.csproj", "{EF6B5778-4CC0-436E-9F9C-68AF5A63EE1E}"
EndProject
Project("{9A19103F-16F7-4668-BE54-9A1E7A4F7556}") = "Olbrasoft.Querying.Castle.Tests", "test\Olbrasoft.Querying.Castle.Tests\Olbrasoft.Querying.Castle.Tests.csproj", "{92748BE6-38D4-461E-BB33-3F9835B45E82}"
EndProject
Project("{9A19103F-16F7-4668-BE54-9A1E7A4F7556}") = "Olbrasoft.Commanding.Castle", "src\Olbrasoft.Commanding.Castle\Olbrasoft.Commanding.Castle.csproj", "{5AFFBCAA-655F-40FA-97DB-30CD23296848}"
EndProject
Project("{9A19103F-16F7-4668-BE54-9A1E7A4F7556}") = "Olbrasoft.Mapping", "src\Altairis.AskMe.Web.RazorPages\Olbrasoft.Mapping\Olbrasoft.Mapping.csproj", "{2DEF3D9C-0A92-4F9B-ABE4-0706FFBD84F4}"
EndProject
Project("{9A19103F-16F7-4668-BE54-9A1E7A4F7556}") = "Olbrasoft.Mapping.AutoMapper", "src\Olbrasoft.Mapping.AutoMapper\Olbrasoft.Mapping.AutoMapper.csproj", "{2094EE4D-C2B2-44E7-8A22-EC1FC5580208}"
EndProject
Project("{9A19103F-16F7-4668-BE54-9A1E7A4F7556}") = "Olbrasoft.Mapping.AutoMapper.Tests", "test\Olbrasoft.Mapping.AutoMapper.Tests\Olbrasoft.Mapping.AutoMapper.Tests.csproj", "{59927DE2-4C5C-4AB7-8EFE-8F6BCE6AF063}"
EndProject
Project("{9A19103F-16F7-4668-BE54-9A1E7A4F7556}") = "Olbrasoft.Querying.Mapping.Tests", "test\Olbrasoft.Querying.Mapping.Tests\Olbrasoft.Querying.Mapping.Tests.csproj", "{B4DDB4A5-D47F-4F03-B5AF-A17439018CC5}"
EndProject
Project("{9A19103F-16F7-4668-BE54-9A1E7A4F7556}") = "Olbrasoft.Querying.Mapping", "src\Olbrasoft.Querying.Mapping\Olbrasoft.Querying.Mapping.csproj", "{1937E672-4171-4AEE-8E15-B681E9E3FB15}"
EndProject
Project("{9A19103F-16F7-4668-BE54-9A1E7A4F7556}") = "Olbrasoft.Querying.Mapping.EntityFrameworkCore.Tests", "test\Olbrasoft.Querying.Mapping.EntityFrameworkCore.Tests\Olbrasoft.Querying.Mapping.EntityFrameworkCore.Tests.csproj", "{CD913B3F-9522-4B3C-8D35-DF3AFD098362}"
EndProject
Project("{9A19103F-16F7-4668-BE54-9A1E7A4F7556}") = "Olbrasoft.Querying.Mapping.EntityFrameworkCore", "src\Olbrasoft.Querying.Mapping.EntityFrameworkCore\Olbrasoft.Querying.Mapping.EntityFrameworkCore.csproj", "{697BC5C4-658F-40AD-BA9D-934DA3B3DFFC}"
EndProject
Project("{9A19103F-16F7-4668-BE54-9A1E7A4F7556}") = "Olbrasoft.Querying.EntityFrameworkCore.Tests", "test\Olbrasoft.Querying.EntityFrameworkCore.Tests\Olbrasoft.Querying.EntityFrameworkCore.Tests.csproj", "{4DABEE7C-B5B0-48B3-B62A-D79C3C9C4666}"
EndProject
Project("{9A19103F-16F7-4668-BE54-9A1E7A4F7556}") = "Olbrasoft.Querying.EntityFrameworkCore", "src\Olbrasoft.Querying.EntityFrameworkCore\Olbrasoft.Querying.EntityFrameworkCore.csproj", "{01C0234E-F881-49EF-A477-09F3AF66F500}"
EndProject
Project("{9A19103F-16F7-4668-BE54-9A1E7A4F7556}") = "Olbrasoft.Commanding.EntityFrameworkCore.Tests", "test\Olbrasoft.Commanding.EntityFrameworkCore.Tests\Olbrasoft.Commanding.EntityFrameworkCore.Tests.csproj", "{F3CCF48E-04B2-4669-914D-15CDFEA50F6C}"
EndProject
Project("{9A19103F-16F7-4668-BE54-9A1E7A4F7556}") = "Olbrasoft.Commanding.EntityFrameworkCore", "src\Olbrasoft.Commanding.EntityFrameworkCore\Olbrasoft.Commanding.EntityFrameworkCore.csproj", "{3BB79B56-7730-439F-B94B-DE244841199A}"
EndProject
Project("{9A19103F-16F7-4668-BE54-9A1E7A4F7556}") = "Olbrasoft.Extensions.Tests", "test\Olbrasoft.Extensions.Tests\Olbrasoft.Extensions.Tests.csproj", "{3BC3A5FE-750C-4646-B64E-1C022C6F52F7}"
EndProject
Project("{9A19103F-16F7-4668-BE54-9A1E7A4F7556}") = "Olbrasoft.Extensions", "src\Olbrasoft.Extensions\Olbrasoft.Extensions.csproj", "{C56FF218-C8F7-4323-8C6A-AF66113D0558}"
EndProject
Project("{9A19103F-16F7-4668-BE54-9A1E7A4F7556}") = "Olbrasoft.Paging", "src\Olbrasoft.Paging\Olbrasoft.Paging.csproj", "{ABEDF480-DC20-4F07-9F50-C871BEB1E8FD}"
EndProject
Project("{9A19103F-16F7-4668-BE54-9A1E7A4F7556}") = "Olbrasoft.Paging.Tests", "test\Olbrasoft.Paging.Tests\Olbrasoft.Paging.Tests.csproj", "{2D5B4577-FB2A-4493-A556-149D1CE4BE94}"
EndProject
Project("{9A19103F-16F7-4668-BE54-9A1E7A4F7556}") = "Olbrasoft.Paging.X.PagedList", "src\Olbrasoft.Paging.X.PagedList\Olbrasoft.Paging.X.PagedList.csproj", "{A702CE75-2328-40B4-9395-FD1D44A9B482}"
EndProject
Project("{9A19103F-16F7-4668-BE54-9A1E7A4F7556}") = "Olbrasoft.Querying.DependencyInjection.Microsoft", "src\Olbrasoft.Querying.DependencyInjection.Microsoft\Olbrasoft.Querying.DependencyInjection.Microsoft.csproj", "{66A730AC-B02F-4A40-8B66-916CA9C66E22}"
EndProject
Project("{9A19103F-16F7-4668-BE54-9A1E7A4F7556}") = "Olbrasoft.Querying.DependencyInjection", "src\Olbrasoft.Querying.DependencyInjection\Olbrasoft.Querying.DependencyInjection.csproj", "{3BB94351-462A-40A7-9853-3F24D0DB830E}"
EndProject
Project("{9A19103F-16F7-4668-BE54-9A1E7A4F7556}") = "Olbrasoft.Querying.DependencyInjection.Tests", "test\Olbrasoft.Querying.DependencyInjection.Tests\Olbrasoft.Querying.DependencyInjection.Tests.csproj", "{3EB58F93-096E-41C3-9A2D-D26FE2821516}"
EndProject
Project("{9A19103F-16F7-4668-BE54-9A1E7A4F7556}") = "Olbrasoft.Querying.DependencyInjection.Castle", "src\Olbrasoft.Querying.DependencyInjection.Castle\Olbrasoft.Querying.DependencyInjection.Castle.csproj", "{307A1EE3-7319-49A6-9264-F8B1682BA74E}"
EndProject
Project("{9A19103F-16F7-4668-BE54-9A1E7A4F7556}") = "Olbrasoft.Querying.DependencyInjection.Microsoft.Tests", "test\Olbrasoft.Querying.DependencyInjection.Microsoft.Tests\Olbrasoft.Querying.DependencyInjection.Microsoft.Tests.csproj", "{0C42A926-3B08-4E0E-BECD-EFA0E83AAB43}"
EndProject
Project("{9A19103F-16F7-4668-BE54-9A1E7A4F7556}") = "Olbrasoft.Commanding.DependencyInjection.Tests", "test\Olbrasoft.Commanding.DependencyInjection.Tests\Olbrasoft.Commanding.DependencyInjection.Tests.csproj", "{53954263-95E8-4BEE-89C4-93D6D416F442}"
EndProject
Project("{9A19103F-16F7-4668-BE54-9A1E7A4F7556}") = "Olbrasoft.Commanding.DependencyInjection", "src\Olbrasoft.Commanding.DependencyInjection\Olbrasoft.Commanding.DependencyInjection.csproj", "{E9A2E357-DC2D-40AA-8D06-A63E5E600EFB}"
EndProject
Project("{9A19103F-16F7-4668-BE54-9A1E7A4F7556}") = "Olbrasoft.Commanding.DependencyInjection.Castle", "src\Olbrasoft.Commanding.DependencyInjection.Castle\Olbrasoft.Commanding.DependencyInjection.Castle.csproj", "{721808AC-5382-4F84-B791-28DD3051C40A}"
EndProject
Project("{9A19103F-16F7-4668-BE54-9A1E7A4F7556}") = "Olbrasoft.Commanding.DependencyInjection.Castle.Tests", "test\Olbrasoft.Commanding.DependencyInjection.Castle.Tests\Olbrasoft.Commanding.DependencyInjection.Castle.Tests.csproj", "{F14F858F-0F16-4E91-8D0A-03B51DF645BD}"
EndProject
Project("{9A19103F-16F7-4668-BE54-9A1E7A4F7556}") = "Olbrasoft.Commanding.DependencyInjection.Microsoft.Tests", "test\Olbrasoft.Commanding.DependencyInjection.Microsoft.Tests\Olbrasoft.Commanding.DependencyInjection.Microsoft.Tests.csproj", "{D8DB5E28-3E5B-45CB-BF09-34E5E3DAE0EC}"
EndProject
Project("{9A19103F-16F7-4668-BE54-9A1E7A4F7556}") = "Olbrasoft.Commanding.DependencyInjection.Microsoft", "src\Olbrasoft.Commanding.DependencyInjection.Microsoft\Olbrasoft.Commanding.DependencyInjection.Microsoft.csproj", "{B269479C-1BEF-4454-8EBE-094CC3AA441C}"
EndProject
Global
	GlobalSection(SolutionConfigurationPlatforms) = preSolution
		Debug|Any CPU = Debug|Any CPU
		Release|Any CPU = Release|Any CPU
	EndGlobalSection
	GlobalSection(ProjectConfigurationPlatforms) = postSolution
		{A66441A1-9D68-4085-9392-BF1EF155DA0F}.Debug|Any CPU.ActiveCfg = Debug|Any CPU
		{A66441A1-9D68-4085-9392-BF1EF155DA0F}.Debug|Any CPU.Build.0 = Debug|Any CPU
		{A66441A1-9D68-4085-9392-BF1EF155DA0F}.Release|Any CPU.ActiveCfg = Release|Any CPU
		{A66441A1-9D68-4085-9392-BF1EF155DA0F}.Release|Any CPU.Build.0 = Release|Any CPU
		{7DEBBEE5-6989-4E87-B6C5-6AE8CAF422AA}.Debug|Any CPU.ActiveCfg = Debug|Any CPU
		{7DEBBEE5-6989-4E87-B6C5-6AE8CAF422AA}.Debug|Any CPU.Build.0 = Debug|Any CPU
		{7DEBBEE5-6989-4E87-B6C5-6AE8CAF422AA}.Release|Any CPU.ActiveCfg = Release|Any CPU
		{7DEBBEE5-6989-4E87-B6C5-6AE8CAF422AA}.Release|Any CPU.Build.0 = Release|Any CPU
		{7517A6A8-884D-4955-88AA-1861EF6B6949}.Debug|Any CPU.ActiveCfg = Debug|Any CPU
		{7517A6A8-884D-4955-88AA-1861EF6B6949}.Debug|Any CPU.Build.0 = Debug|Any CPU
		{7517A6A8-884D-4955-88AA-1861EF6B6949}.Release|Any CPU.ActiveCfg = Release|Any CPU
		{7517A6A8-884D-4955-88AA-1861EF6B6949}.Release|Any CPU.Build.0 = Release|Any CPU
		{27EBA4B7-4A09-483B-95F3-49BD92996C5C}.Debug|Any CPU.ActiveCfg = Debug|Any CPU
		{27EBA4B7-4A09-483B-95F3-49BD92996C5C}.Debug|Any CPU.Build.0 = Debug|Any CPU
		{27EBA4B7-4A09-483B-95F3-49BD92996C5C}.Release|Any CPU.ActiveCfg = Release|Any CPU
		{27EBA4B7-4A09-483B-95F3-49BD92996C5C}.Release|Any CPU.Build.0 = Release|Any CPU
		{24B0C881-01E5-49EC-8201-CC9A64ECEE8B}.Debug|Any CPU.ActiveCfg = Debug|Any CPU
		{24B0C881-01E5-49EC-8201-CC9A64ECEE8B}.Debug|Any CPU.Build.0 = Debug|Any CPU
		{24B0C881-01E5-49EC-8201-CC9A64ECEE8B}.Release|Any CPU.ActiveCfg = Release|Any CPU
		{24B0C881-01E5-49EC-8201-CC9A64ECEE8B}.Release|Any CPU.Build.0 = Release|Any CPU
		{4C13F8D8-D003-4F39-9629-55949254850F}.Debug|Any CPU.ActiveCfg = Debug|Any CPU
		{4C13F8D8-D003-4F39-9629-55949254850F}.Debug|Any CPU.Build.0 = Debug|Any CPU
		{4C13F8D8-D003-4F39-9629-55949254850F}.Release|Any CPU.ActiveCfg = Release|Any CPU
		{4C13F8D8-D003-4F39-9629-55949254850F}.Release|Any CPU.Build.0 = Release|Any CPU
		{424CD149-85A8-4A7B-818B-92593D17C372}.Debug|Any CPU.ActiveCfg = Debug|Any CPU
		{424CD149-85A8-4A7B-818B-92593D17C372}.Debug|Any CPU.Build.0 = Debug|Any CPU
		{424CD149-85A8-4A7B-818B-92593D17C372}.Release|Any CPU.ActiveCfg = Release|Any CPU
		{424CD149-85A8-4A7B-818B-92593D17C372}.Release|Any CPU.Build.0 = Release|Any CPU
		{1F0F04CF-0857-46F3-984B-81C8AEB5B91B}.Debug|Any CPU.ActiveCfg = Debug|Any CPU
		{1F0F04CF-0857-46F3-984B-81C8AEB5B91B}.Debug|Any CPU.Build.0 = Debug|Any CPU
		{1F0F04CF-0857-46F3-984B-81C8AEB5B91B}.Release|Any CPU.ActiveCfg = Release|Any CPU
		{1F0F04CF-0857-46F3-984B-81C8AEB5B91B}.Release|Any CPU.Build.0 = Release|Any CPU
		{28B2BE2E-B40D-4FAF-A52B-C4EA85580DC1}.Debug|Any CPU.ActiveCfg = Debug|Any CPU
		{28B2BE2E-B40D-4FAF-A52B-C4EA85580DC1}.Debug|Any CPU.Build.0 = Debug|Any CPU
		{28B2BE2E-B40D-4FAF-A52B-C4EA85580DC1}.Release|Any CPU.ActiveCfg = Release|Any CPU
		{28B2BE2E-B40D-4FAF-A52B-C4EA85580DC1}.Release|Any CPU.Build.0 = Release|Any CPU
		{1BB2AB07-1DB1-4937-AB6D-88A869F8F837}.Debug|Any CPU.ActiveCfg = Debug|Any CPU
		{1BB2AB07-1DB1-4937-AB6D-88A869F8F837}.Debug|Any CPU.Build.0 = Debug|Any CPU
		{1BB2AB07-1DB1-4937-AB6D-88A869F8F837}.Release|Any CPU.ActiveCfg = Release|Any CPU
		{1BB2AB07-1DB1-4937-AB6D-88A869F8F837}.Release|Any CPU.Build.0 = Release|Any CPU
		{3D541BB5-498E-4812-8563-E93A9E20DC92}.Debug|Any CPU.ActiveCfg = Debug|Any CPU
		{3D541BB5-498E-4812-8563-E93A9E20DC92}.Debug|Any CPU.Build.0 = Debug|Any CPU
		{3D541BB5-498E-4812-8563-E93A9E20DC92}.Release|Any CPU.ActiveCfg = Release|Any CPU
		{3D541BB5-498E-4812-8563-E93A9E20DC92}.Release|Any CPU.Build.0 = Release|Any CPU
		{F8FB9CA4-E862-4766-9C19-78FFEE0A0911}.Debug|Any CPU.ActiveCfg = Debug|Any CPU
		{F8FB9CA4-E862-4766-9C19-78FFEE0A0911}.Debug|Any CPU.Build.0 = Debug|Any CPU
		{F8FB9CA4-E862-4766-9C19-78FFEE0A0911}.Release|Any CPU.ActiveCfg = Release|Any CPU
		{F8FB9CA4-E862-4766-9C19-78FFEE0A0911}.Release|Any CPU.Build.0 = Release|Any CPU
		{EF6B5778-4CC0-436E-9F9C-68AF5A63EE1E}.Debug|Any CPU.ActiveCfg = Debug|Any CPU
		{EF6B5778-4CC0-436E-9F9C-68AF5A63EE1E}.Debug|Any CPU.Build.0 = Debug|Any CPU
		{EF6B5778-4CC0-436E-9F9C-68AF5A63EE1E}.Release|Any CPU.ActiveCfg = Release|Any CPU
		{EF6B5778-4CC0-436E-9F9C-68AF5A63EE1E}.Release|Any CPU.Build.0 = Release|Any CPU
		{92748BE6-38D4-461E-BB33-3F9835B45E82}.Debug|Any CPU.ActiveCfg = Debug|Any CPU
		{92748BE6-38D4-461E-BB33-3F9835B45E82}.Debug|Any CPU.Build.0 = Debug|Any CPU
		{92748BE6-38D4-461E-BB33-3F9835B45E82}.Release|Any CPU.ActiveCfg = Release|Any CPU
		{92748BE6-38D4-461E-BB33-3F9835B45E82}.Release|Any CPU.Build.0 = Release|Any CPU
		{5AFFBCAA-655F-40FA-97DB-30CD23296848}.Debug|Any CPU.ActiveCfg = Debug|Any CPU
		{5AFFBCAA-655F-40FA-97DB-30CD23296848}.Debug|Any CPU.Build.0 = Debug|Any CPU
		{5AFFBCAA-655F-40FA-97DB-30CD23296848}.Release|Any CPU.ActiveCfg = Release|Any CPU
		{5AFFBCAA-655F-40FA-97DB-30CD23296848}.Release|Any CPU.Build.0 = Release|Any CPU
		{2DEF3D9C-0A92-4F9B-ABE4-0706FFBD84F4}.Debug|Any CPU.ActiveCfg = Debug|Any CPU
		{2DEF3D9C-0A92-4F9B-ABE4-0706FFBD84F4}.Debug|Any CPU.Build.0 = Debug|Any CPU
		{2DEF3D9C-0A92-4F9B-ABE4-0706FFBD84F4}.Release|Any CPU.ActiveCfg = Release|Any CPU
		{2DEF3D9C-0A92-4F9B-ABE4-0706FFBD84F4}.Release|Any CPU.Build.0 = Release|Any CPU
		{2094EE4D-C2B2-44E7-8A22-EC1FC5580208}.Debug|Any CPU.ActiveCfg = Debug|Any CPU
		{2094EE4D-C2B2-44E7-8A22-EC1FC5580208}.Debug|Any CPU.Build.0 = Debug|Any CPU
		{2094EE4D-C2B2-44E7-8A22-EC1FC5580208}.Release|Any CPU.ActiveCfg = Release|Any CPU
		{2094EE4D-C2B2-44E7-8A22-EC1FC5580208}.Release|Any CPU.Build.0 = Release|Any CPU
		{59927DE2-4C5C-4AB7-8EFE-8F6BCE6AF063}.Debug|Any CPU.ActiveCfg = Debug|Any CPU
		{59927DE2-4C5C-4AB7-8EFE-8F6BCE6AF063}.Debug|Any CPU.Build.0 = Debug|Any CPU
		{59927DE2-4C5C-4AB7-8EFE-8F6BCE6AF063}.Release|Any CPU.ActiveCfg = Release|Any CPU
		{59927DE2-4C5C-4AB7-8EFE-8F6BCE6AF063}.Release|Any CPU.Build.0 = Release|Any CPU
		{B4DDB4A5-D47F-4F03-B5AF-A17439018CC5}.Debug|Any CPU.ActiveCfg = Debug|Any CPU
		{B4DDB4A5-D47F-4F03-B5AF-A17439018CC5}.Debug|Any CPU.Build.0 = Debug|Any CPU
		{B4DDB4A5-D47F-4F03-B5AF-A17439018CC5}.Release|Any CPU.ActiveCfg = Release|Any CPU
		{B4DDB4A5-D47F-4F03-B5AF-A17439018CC5}.Release|Any CPU.Build.0 = Release|Any CPU
		{1937E672-4171-4AEE-8E15-B681E9E3FB15}.Debug|Any CPU.ActiveCfg = Debug|Any CPU
		{1937E672-4171-4AEE-8E15-B681E9E3FB15}.Debug|Any CPU.Build.0 = Debug|Any CPU
		{1937E672-4171-4AEE-8E15-B681E9E3FB15}.Release|Any CPU.ActiveCfg = Release|Any CPU
		{1937E672-4171-4AEE-8E15-B681E9E3FB15}.Release|Any CPU.Build.0 = Release|Any CPU
		{CD913B3F-9522-4B3C-8D35-DF3AFD098362}.Debug|Any CPU.ActiveCfg = Debug|Any CPU
		{CD913B3F-9522-4B3C-8D35-DF3AFD098362}.Debug|Any CPU.Build.0 = Debug|Any CPU
		{CD913B3F-9522-4B3C-8D35-DF3AFD098362}.Release|Any CPU.ActiveCfg = Release|Any CPU
		{CD913B3F-9522-4B3C-8D35-DF3AFD098362}.Release|Any CPU.Build.0 = Release|Any CPU
		{697BC5C4-658F-40AD-BA9D-934DA3B3DFFC}.Debug|Any CPU.ActiveCfg = Debug|Any CPU
		{697BC5C4-658F-40AD-BA9D-934DA3B3DFFC}.Debug|Any CPU.Build.0 = Debug|Any CPU
		{697BC5C4-658F-40AD-BA9D-934DA3B3DFFC}.Release|Any CPU.ActiveCfg = Release|Any CPU
		{697BC5C4-658F-40AD-BA9D-934DA3B3DFFC}.Release|Any CPU.Build.0 = Release|Any CPU
		{4DABEE7C-B5B0-48B3-B62A-D79C3C9C4666}.Debug|Any CPU.ActiveCfg = Debug|Any CPU
		{4DABEE7C-B5B0-48B3-B62A-D79C3C9C4666}.Debug|Any CPU.Build.0 = Debug|Any CPU
		{4DABEE7C-B5B0-48B3-B62A-D79C3C9C4666}.Release|Any CPU.ActiveCfg = Release|Any CPU
		{4DABEE7C-B5B0-48B3-B62A-D79C3C9C4666}.Release|Any CPU.Build.0 = Release|Any CPU
		{01C0234E-F881-49EF-A477-09F3AF66F500}.Debug|Any CPU.ActiveCfg = Debug|Any CPU
		{01C0234E-F881-49EF-A477-09F3AF66F500}.Debug|Any CPU.Build.0 = Debug|Any CPU
		{01C0234E-F881-49EF-A477-09F3AF66F500}.Release|Any CPU.ActiveCfg = Release|Any CPU
		{01C0234E-F881-49EF-A477-09F3AF66F500}.Release|Any CPU.Build.0 = Release|Any CPU
		{F3CCF48E-04B2-4669-914D-15CDFEA50F6C}.Debug|Any CPU.ActiveCfg = Debug|Any CPU
		{F3CCF48E-04B2-4669-914D-15CDFEA50F6C}.Debug|Any CPU.Build.0 = Debug|Any CPU
		{F3CCF48E-04B2-4669-914D-15CDFEA50F6C}.Release|Any CPU.ActiveCfg = Release|Any CPU
		{F3CCF48E-04B2-4669-914D-15CDFEA50F6C}.Release|Any CPU.Build.0 = Release|Any CPU
		{3BB79B56-7730-439F-B94B-DE244841199A}.Debug|Any CPU.ActiveCfg = Debug|Any CPU
		{3BB79B56-7730-439F-B94B-DE244841199A}.Debug|Any CPU.Build.0 = Debug|Any CPU
		{3BB79B56-7730-439F-B94B-DE244841199A}.Release|Any CPU.ActiveCfg = Release|Any CPU
		{3BB79B56-7730-439F-B94B-DE244841199A}.Release|Any CPU.Build.0 = Release|Any CPU
		{3BC3A5FE-750C-4646-B64E-1C022C6F52F7}.Debug|Any CPU.ActiveCfg = Debug|Any CPU
		{3BC3A5FE-750C-4646-B64E-1C022C6F52F7}.Debug|Any CPU.Build.0 = Debug|Any CPU
		{3BC3A5FE-750C-4646-B64E-1C022C6F52F7}.Release|Any CPU.ActiveCfg = Release|Any CPU
		{3BC3A5FE-750C-4646-B64E-1C022C6F52F7}.Release|Any CPU.Build.0 = Release|Any CPU
		{C56FF218-C8F7-4323-8C6A-AF66113D0558}.Debug|Any CPU.ActiveCfg = Debug|Any CPU
		{C56FF218-C8F7-4323-8C6A-AF66113D0558}.Debug|Any CPU.Build.0 = Debug|Any CPU
		{C56FF218-C8F7-4323-8C6A-AF66113D0558}.Release|Any CPU.ActiveCfg = Release|Any CPU
		{C56FF218-C8F7-4323-8C6A-AF66113D0558}.Release|Any CPU.Build.0 = Release|Any CPU
		{ABEDF480-DC20-4F07-9F50-C871BEB1E8FD}.Debug|Any CPU.ActiveCfg = Debug|Any CPU
		{ABEDF480-DC20-4F07-9F50-C871BEB1E8FD}.Debug|Any CPU.Build.0 = Debug|Any CPU
		{ABEDF480-DC20-4F07-9F50-C871BEB1E8FD}.Release|Any CPU.ActiveCfg = Release|Any CPU
		{ABEDF480-DC20-4F07-9F50-C871BEB1E8FD}.Release|Any CPU.Build.0 = Release|Any CPU
		{2D5B4577-FB2A-4493-A556-149D1CE4BE94}.Debug|Any CPU.ActiveCfg = Debug|Any CPU
		{2D5B4577-FB2A-4493-A556-149D1CE4BE94}.Debug|Any CPU.Build.0 = Debug|Any CPU
		{2D5B4577-FB2A-4493-A556-149D1CE4BE94}.Release|Any CPU.ActiveCfg = Release|Any CPU
		{2D5B4577-FB2A-4493-A556-149D1CE4BE94}.Release|Any CPU.Build.0 = Release|Any CPU
		{A702CE75-2328-40B4-9395-FD1D44A9B482}.Debug|Any CPU.ActiveCfg = Debug|Any CPU
		{A702CE75-2328-40B4-9395-FD1D44A9B482}.Debug|Any CPU.Build.0 = Debug|Any CPU
		{A702CE75-2328-40B4-9395-FD1D44A9B482}.Release|Any CPU.ActiveCfg = Release|Any CPU
		{A702CE75-2328-40B4-9395-FD1D44A9B482}.Release|Any CPU.Build.0 = Release|Any CPU
		{66A730AC-B02F-4A40-8B66-916CA9C66E22}.Debug|Any CPU.ActiveCfg = Debug|Any CPU
		{66A730AC-B02F-4A40-8B66-916CA9C66E22}.Debug|Any CPU.Build.0 = Debug|Any CPU
		{66A730AC-B02F-4A40-8B66-916CA9C66E22}.Release|Any CPU.ActiveCfg = Release|Any CPU
		{66A730AC-B02F-4A40-8B66-916CA9C66E22}.Release|Any CPU.Build.0 = Release|Any CPU
		{3BB94351-462A-40A7-9853-3F24D0DB830E}.Debug|Any CPU.ActiveCfg = Debug|Any CPU
		{3BB94351-462A-40A7-9853-3F24D0DB830E}.Debug|Any CPU.Build.0 = Debug|Any CPU
		{3BB94351-462A-40A7-9853-3F24D0DB830E}.Release|Any CPU.ActiveCfg = Release|Any CPU
		{3BB94351-462A-40A7-9853-3F24D0DB830E}.Release|Any CPU.Build.0 = Release|Any CPU
		{3EB58F93-096E-41C3-9A2D-D26FE2821516}.Debug|Any CPU.ActiveCfg = Debug|Any CPU
		{3EB58F93-096E-41C3-9A2D-D26FE2821516}.Debug|Any CPU.Build.0 = Debug|Any CPU
		{3EB58F93-096E-41C3-9A2D-D26FE2821516}.Release|Any CPU.ActiveCfg = Release|Any CPU
		{3EB58F93-096E-41C3-9A2D-D26FE2821516}.Release|Any CPU.Build.0 = Release|Any CPU
		{307A1EE3-7319-49A6-9264-F8B1682BA74E}.Debug|Any CPU.ActiveCfg = Debug|Any CPU
		{307A1EE3-7319-49A6-9264-F8B1682BA74E}.Debug|Any CPU.Build.0 = Debug|Any CPU
		{307A1EE3-7319-49A6-9264-F8B1682BA74E}.Release|Any CPU.ActiveCfg = Release|Any CPU
		{307A1EE3-7319-49A6-9264-F8B1682BA74E}.Release|Any CPU.Build.0 = Release|Any CPU
		{0C42A926-3B08-4E0E-BECD-EFA0E83AAB43}.Debug|Any CPU.ActiveCfg = Debug|Any CPU
		{0C42A926-3B08-4E0E-BECD-EFA0E83AAB43}.Debug|Any CPU.Build.0 = Debug|Any CPU
		{0C42A926-3B08-4E0E-BECD-EFA0E83AAB43}.Release|Any CPU.ActiveCfg = Release|Any CPU
		{0C42A926-3B08-4E0E-BECD-EFA0E83AAB43}.Release|Any CPU.Build.0 = Release|Any CPU
		{53954263-95E8-4BEE-89C4-93D6D416F442}.Debug|Any CPU.ActiveCfg = Debug|Any CPU
		{53954263-95E8-4BEE-89C4-93D6D416F442}.Debug|Any CPU.Build.0 = Debug|Any CPU
		{53954263-95E8-4BEE-89C4-93D6D416F442}.Release|Any CPU.ActiveCfg = Release|Any CPU
		{53954263-95E8-4BEE-89C4-93D6D416F442}.Release|Any CPU.Build.0 = Release|Any CPU
		{E9A2E357-DC2D-40AA-8D06-A63E5E600EFB}.Debug|Any CPU.ActiveCfg = Debug|Any CPU
		{E9A2E357-DC2D-40AA-8D06-A63E5E600EFB}.Debug|Any CPU.Build.0 = Debug|Any CPU
		{E9A2E357-DC2D-40AA-8D06-A63E5E600EFB}.Release|Any CPU.ActiveCfg = Release|Any CPU
		{E9A2E357-DC2D-40AA-8D06-A63E5E600EFB}.Release|Any CPU.Build.0 = Release|Any CPU
		{721808AC-5382-4F84-B791-28DD3051C40A}.Debug|Any CPU.ActiveCfg = Debug|Any CPU
		{721808AC-5382-4F84-B791-28DD3051C40A}.Debug|Any CPU.Build.0 = Debug|Any CPU
		{721808AC-5382-4F84-B791-28DD3051C40A}.Release|Any CPU.ActiveCfg = Release|Any CPU
		{721808AC-5382-4F84-B791-28DD3051C40A}.Release|Any CPU.Build.0 = Release|Any CPU
		{F14F858F-0F16-4E91-8D0A-03B51DF645BD}.Debug|Any CPU.ActiveCfg = Debug|Any CPU
		{F14F858F-0F16-4E91-8D0A-03B51DF645BD}.Debug|Any CPU.Build.0 = Debug|Any CPU
		{F14F858F-0F16-4E91-8D0A-03B51DF645BD}.Release|Any CPU.ActiveCfg = Release|Any CPU
		{F14F858F-0F16-4E91-8D0A-03B51DF645BD}.Release|Any CPU.Build.0 = Release|Any CPU
		{D8DB5E28-3E5B-45CB-BF09-34E5E3DAE0EC}.Debug|Any CPU.ActiveCfg = Debug|Any CPU
		{D8DB5E28-3E5B-45CB-BF09-34E5E3DAE0EC}.Debug|Any CPU.Build.0 = Debug|Any CPU
		{D8DB5E28-3E5B-45CB-BF09-34E5E3DAE0EC}.Release|Any CPU.ActiveCfg = Release|Any CPU
		{D8DB5E28-3E5B-45CB-BF09-34E5E3DAE0EC}.Release|Any CPU.Build.0 = Release|Any CPU
		{B269479C-1BEF-4454-8EBE-094CC3AA441C}.Debug|Any CPU.ActiveCfg = Debug|Any CPU
		{B269479C-1BEF-4454-8EBE-094CC3AA441C}.Debug|Any CPU.Build.0 = Debug|Any CPU
		{B269479C-1BEF-4454-8EBE-094CC3AA441C}.Release|Any CPU.ActiveCfg = Release|Any CPU
		{B269479C-1BEF-4454-8EBE-094CC3AA441C}.Release|Any CPU.Build.0 = Release|Any CPU
	EndGlobalSection
	GlobalSection(SolutionProperties) = preSolution
		HideSolutionNode = FALSE
	EndGlobalSection
	GlobalSection(NestedProjects) = preSolution
		{A66441A1-9D68-4085-9392-BF1EF155DA0F} = {739DF0CF-2588-4C19-91D5-03370005D20E}
		{7DEBBEE5-6989-4E87-B6C5-6AE8CAF422AA} = {739DF0CF-2588-4C19-91D5-03370005D20E}
		{4C13F8D8-D003-4F39-9629-55949254850F} = {739DF0CF-2588-4C19-91D5-03370005D20E}
		{1F0F04CF-0857-46F3-984B-81C8AEB5B91B} = {739DF0CF-2588-4C19-91D5-03370005D20E}
		{1BB2AB07-1DB1-4937-AB6D-88A869F8F837} = {739DF0CF-2588-4C19-91D5-03370005D20E}
		{F8FB9CA4-E862-4766-9C19-78FFEE0A0911} = {739DF0CF-2588-4C19-91D5-03370005D20E}
		{92748BE6-38D4-461E-BB33-3F9835B45E82} = {739DF0CF-2588-4C19-91D5-03370005D20E}
		{59927DE2-4C5C-4AB7-8EFE-8F6BCE6AF063} = {739DF0CF-2588-4C19-91D5-03370005D20E}
		{B4DDB4A5-D47F-4F03-B5AF-A17439018CC5} = {739DF0CF-2588-4C19-91D5-03370005D20E}
		{CD913B3F-9522-4B3C-8D35-DF3AFD098362} = {739DF0CF-2588-4C19-91D5-03370005D20E}
		{4DABEE7C-B5B0-48B3-B62A-D79C3C9C4666} = {739DF0CF-2588-4C19-91D5-03370005D20E}
		{F3CCF48E-04B2-4669-914D-15CDFEA50F6C} = {739DF0CF-2588-4C19-91D5-03370005D20E}
		{3BC3A5FE-750C-4646-B64E-1C022C6F52F7} = {739DF0CF-2588-4C19-91D5-03370005D20E}
		{2D5B4577-FB2A-4493-A556-149D1CE4BE94} = {739DF0CF-2588-4C19-91D5-03370005D20E}
		{3EB58F93-096E-41C3-9A2D-D26FE2821516} = {739DF0CF-2588-4C19-91D5-03370005D20E}
		{0C42A926-3B08-4E0E-BECD-EFA0E83AAB43} = {739DF0CF-2588-4C19-91D5-03370005D20E}
		{53954263-95E8-4BEE-89C4-93D6D416F442} = {739DF0CF-2588-4C19-91D5-03370005D20E}
		{F14F858F-0F16-4E91-8D0A-03B51DF645BD} = {739DF0CF-2588-4C19-91D5-03370005D20E}
		{D8DB5E28-3E5B-45CB-BF09-34E5E3DAE0EC} = {739DF0CF-2588-4C19-91D5-03370005D20E}
	EndGlobalSection
	GlobalSection(ExtensibilityGlobals) = postSolution
		SolutionGuid = {F57ECE7F-32E7-440B-81CD-6266928C13F6}
	EndGlobalSection
EndGlobal
